<?xml version="1.0" encoding="UTF-8" standalone="yes" ?>
<CodeBlocks_project_file>
	<FileVersion major="1" minor="6" />
	<Project>
		<Option title="yerith-erp-9-0" />
		<Option pch_mode="2" />
		<Option compiler="gcc" />
		<Build>
			<Target title="Debug">
				<Option output="bin/Debug/yerith-erp-9-0" prefix_auto="1" extension_auto="1" />
				<Option object_output="obj/Debug/" />
				<Option type="1" />
				<Option compiler="gcc" />
				<Compiler>
					<Add option="-g" />
				</Compiler>
			</Target>
		</Build>
		<Compiler>
			<Add option="-Wall" />
		</Compiler>
		<Unit filename="src/IYRIruntimeverificationAdaptor_interface.cpp" />
		<Unit filename="src/IYRIruntimeverificationAdaptor_interface.h" />
		<Unit filename="src/YRIruntimeverification_adaptor.cpp" />
		<Unit filename="src/YRIruntimeverification_adaptor.h" />
		<Unit filename="src/admin/admin-actions-subjects.hpp" />
		<Unit filename="src/admin/creer/creer-CHARGE_FINANCIERE.cpp" />
		<Unit filename="src/admin/creer/creer-LIGNE_BUDGETAIRE.cpp" />
		<Unit filename="src/admin/creer/creer-alerte.cpp" />
		<Unit filename="src/admin/creer/creer-categorie.cpp" />
		<Unit filename="src/admin/creer/creer-compte-bancaire.cpp" />
		<Unit filename="src/admin/creer/creer-departements-de-produits.cpp" />
		<Unit filename="src/admin/creer/creer-localisation.cpp" />
		<Unit filename="src/admin/creer/creer-remise.cpp" />
		<Unit filename="src/admin/creer/creer-utilisateur.cpp" />
		<Unit filename="src/admin/creer/yerith-erp-admin-create-window.cpp" />
		<Unit filename="src/admin/creer/yerith-erp-admin-create-window.hpp" />
		<Unit filename="src/admin/detail/yerith-erp-admin-detail-window.cpp" />
		<Unit filename="src/admin/detail/yerith-erp-admin-detail-window.hpp" />
		<Unit filename="src/admin/lister/yerith-erp-admin-lister-window.cpp" />
		<Unit filename="src/admin/lister/yerith-erp-admin-lister-window.hpp" />
		<Unit filename="src/admin/modifier/modifier-CHARGE-FINANCIERE.cpp" />
		<Unit filename="src/admin/modifier/modifier-LIGNE-BUDGETAIRE.cpp" />
		<Unit filename="src/admin/modifier/modifier-alerte.cpp" />
		<Unit filename="src/admin/modifier/modifier-categorie.cpp" />
		<Unit filename="src/admin/modifier/modifier-client.cpp" />
		<Unit filename="src/admin/modifier/modifier-compte-bancaire.cpp" />
		<Unit filename="src/admin/modifier/modifier-departements_de_produits.cpp" />
		<Unit filename="src/admin/modifier/modifier-localisation.cpp" />
		<Unit filename="src/admin/modifier/modifier-remise.cpp" />
		<Unit filename="src/admin/modifier/modifier-utilisateur.cpp" />
		<Unit filename="src/admin/modifier/yerith-erp-admin-modifier-window.cpp" />
		<Unit filename="src/admin/modifier/yerith-erp-admin-modifier-window.hpp" />
		<Unit filename="src/admin/widgets/table-view/yerith-erp-ADMIN-UPPER-TABLE-VIEW-CLASS.cpp" />
		<Unit filename="src/admin/widgets/table-view/yerith-erp-ADMIN-UPPER-TABLE-VIEW-CLASS.hpp" />
		<Unit filename="src/admin/widgets/table-view/yerith-erp-alert-table-view.cpp" />
		<Unit filename="src/admin/widgets/table-view/yerith-erp-alert-table-view.hpp" />
		<Unit filename="src/admin/widgets/table-view/yerith-erp-bank-account-table-view.cpp" />
		<Unit filename="src/admin/widgets/table-view/yerith-erp-bank-account-table-view.hpp" />
		<Unit filename="src/admin/widgets/table-view/yerith-erp-category-table-view.cpp" />
		<Unit filename="src/admin/widgets/table-view/yerith-erp-category-table-view.hpp" />
		<Unit filename="src/admin/widgets/table-view/yerith-erp-financial-expense-table-view.cpp" />
		<Unit filename="src/admin/widgets/table-view/yerith-erp-financial-expense-table-view.hpp" />
		<Unit filename="src/admin/widgets/table-view/yerith-erp-product-department-table-view.cpp" />
		<Unit filename="src/admin/widgets/table-view/yerith-erp-product-department-table-view.hpp" />
		<Unit filename="src/admin/widgets/table-view/yerith-erp-site-table-view.cpp" />
		<Unit filename="src/admin/widgets/table-view/yerith-erp-site-table-view.hpp" />
		<Unit filename="src/admin/widgets/table-view/yerith-erp-user-table-view.cpp" />
		<Unit filename="src/admin/widgets/table-view/yerith-erp-user-table-view.hpp" />
		<Unit filename="src/admin/widgets/table-view/yerith-erp_web_SYSTEM_discovered_Widgets-table-view.cpp" />
		<Unit filename="src/admin/widgets/table-view/yerith-erp_web_SYSTEM_discovered_Widgets-table-view.hpp" />
		<Unit filename="src/admin/yerith-erp-admin-search-form.cpp" />
		<Unit filename="src/admin/yerith-erp-admin-search-form.hpp" />
		<Unit filename="src/admin/yerith-erp-admin-window.cpp" />
		<Unit filename="src/admin/yerith-erp-admin-window.hpp" />
		<Unit filename="src/admin/yerith-erp-admin-windows-commons.cpp" />
		<Unit filename="src/admin/yerith-erp-admin-windows-commons.hpp" />
		<Unit filename="src/admin/yerith-erp-qtable-widget-admin-window-commons.cpp" />
		<Unit filename="src/admin/yerith-erp-qtable-widget-admin-window-commons.hpp" />
		<Unit filename="src/dbus/YERITH_RUNTIME_VERIFIER.cpp" />
		<Unit filename="src/dbus/YERITH_RUNTIME_VERIFIER.hpp" />
		<Unit filename="src/dbus/yerith_dynamic_taint_analysis_directives.cpp" />
		<Unit filename="src/dbus/yerith_dynamic_taint_analysis_directives.hpp" />
		<Unit filename="src/dialogs/yerith-erp-IMPRESSION_DE_DOCUMENT-dialog.cpp" />
		<Unit filename="src/dialogs/yerith-erp-IMPRESSION_DE_DOCUMENT-dialog.hpp" />
		<Unit filename="src/dialogs/yerith-erp-changer-utilisateur-dialog.cpp" />
		<Unit filename="src/dialogs/yerith-erp-changer-utilisateur-dialog.hpp" />
		<Unit filename="src/dialogs/yerith-erp-dialog-commons.cpp" />
		<Unit filename="src/dialogs/yerith-erp-dialog-commons.hpp" />
		<Unit filename="src/dialogs/yerith-erp-generic-select-db-field-dialog.cpp" />
		<Unit filename="src/dialogs/yerith-erp-generic-select-db-field-dialog.hpp" />
		<Unit filename="src/dialogs/yerith-erp-pointdevente-methode-paiement-carte-credit-dialog.cpp" />
		<Unit filename="src/dialogs/yerith-erp-pointdevente-methode-paiement-carte-credit-dialog.hpp" />
		<Unit filename="src/dialogs/yerith-erp-pointdevente-methode-paiement-comptant-entree-dialog.cpp" />
		<Unit filename="src/dialogs/yerith-erp-pointdevente-methode-paiement-comptant-entree-dialog.hpp" />
		<Unit filename="src/dialogs/yerith-erp-pointdevente-methode-paiement-dialog.cpp" />
		<Unit filename="src/dialogs/yerith-erp-pointdevente-methode-paiement-dialog.hpp" />
		<Unit filename="src/imports/yerith-erp-ALL-common-import.cpp" />
		<Unit filename="src/imports/yerith-erp-ALL-common-import.hpp" />
		<Unit filename="src/imports/yerith-erp-Budget_Lines-import.cpp" />
		<Unit filename="src/imports/yerith-erp-Budget_Lines-import.hpp" />
		<Unit filename="src/imports/yerith-erp-bank-account-info-raw-import.cpp" />
		<Unit filename="src/imports/yerith-erp-bank-account-info-raw-import.hpp" />
		<Unit filename="src/imports/yerith-erp-database-table-import-info.hpp" />
		<Unit filename="src/imports/yerith-erp-marchandise-import.cpp" />
		<Unit filename="src/imports/yerith-erp-marchandise-import.hpp" />
		<Unit filename="src/imports/yerith-erp-stock-import.cpp" />
		<Unit filename="src/imports/yerith-erp-stock-import.hpp" />
		<Unit filename="src/include/yerith-erp-9-0-definition-colour-rgb.hpp" />
		<Unit filename="src/include/yerith-erp-9-0-definition-file-folder.hpp" />
		<Unit filename="src/include/yerith-erp-9-0-definition-format-date-time.hpp" />
		<Unit filename="src/include/yerith-erp-9-0-definition-initial-focus-searchbar.hpp" />
		<Unit filename="src/include/yerith-erp-9-0-definition-month.hpp" />
		<Unit filename="src/include/yerith-erp-9-0-definition-oo-class-operators.hpp" />
		<Unit filename="src/include/yerith-erp-9-0-definition-shortcut.hpp" />
		<Unit filename="src/include/yerith-erp-9-0-definition-special-qt5.7-macro.hpp" />
		<Unit filename="src/include/yerith-erp-9-0-definition-thermal-printers-commands.hpp" />
		<Unit filename="src/include/yerith-erp-9-0-definition-user-manual.hpp" />
		<Unit filename="src/include/yerith-erp-9-0-precompiled-header.hpp" />
		<Unit filename="src/include/yerith-erp-9-0-software.text-configuration.hpp" />
		<Unit filename="src/process/yerith-erp-process-info.cpp" />
		<Unit filename="src/process/yerith-erp-process-info.hpp" />
		<Unit filename="src/process/yerith-erp-process.cpp" />
		<Unit filename="src/process/yerith-erp-process.hpp" />
		<Unit filename="src/tests/utils/yerith-erp-test-import-csv-file-data.cpp" />
		<Unit filename="src/tests/utils/yerith-erp-test-import-csv-file-data.hpp" />
		<Unit filename="src/tests/utils/yerith-erp-test-utils.cpp" />
		<Unit filename="src/tests/utils/yerith-erp-test-utils.hpp" />
		<Unit filename="src/tests/utils/yerith-erp-test-yerith-erp-utils.cpp" />
		<Unit filename="src/tests/utils/yerith-erp-test-yerith-erp-utils.hpp" />
		<Unit filename="src/tests/yerith-erp-test-yerith-erp-table-view.cpp" />
		<Unit filename="src/tests/yerith-erp-test-yerith-erp-table-view.hpp" />
		<Unit filename="src/tests/yerith-erp-test-yerith-erp-windows.cpp" />
		<Unit filename="src/tests/yerith-erp-test-yerith-erp-windows.hpp" />
		<Unit filename="src/users/yerith-erp-user-administrateur.cpp" />
		<Unit filename="src/users/yerith-erp-user-administrateur.hpp" />
		<Unit filename="src/users/yerith-erp-user-caissier.cpp" />
		<Unit filename="src/users/yerith-erp-user-caissier.hpp" />
		<Unit filename="src/users/yerith-erp-user-gestionaire-des-stocks.cpp" />
		<Unit filename="src/users/yerith-erp-user-gestionaire-des-stocks.hpp" />
		<Unit filename="src/users/yerith-erp-user-magasinier.cpp" />
		<Unit filename="src/users/yerith-erp-user-magasinier.hpp" />
		<Unit filename="src/users/yerith-erp-user-manager.cpp" />
		<Unit filename="src/users/yerith-erp-user-manager.hpp" />
		<Unit filename="src/users/yerith-erp-user-settings.cpp" />
		<Unit filename="src/users/yerith-erp-user-settings.hpp" />
		<Unit filename="src/users/yerith-erp-user-vendeur.cpp" />
		<Unit filename="src/users/yerith-erp-user-vendeur.hpp" />
		<Unit filename="src/users/yerith-erp-users.cpp" />
		<Unit filename="src/users/yerith-erp-users.hpp" />
		<Unit filename="src/utils/credit-card/yerith-erp-carte-credit-info.cpp" />
		<Unit filename="src/utils/credit-card/yerith-erp-carte-credit-info.hpp" />
		<Unit filename="src/utils/print_latex_pdf/yerith-erp-print_yerith_latex_util_pdf.cpp" />
		<Unit filename="src/utils/print_latex_pdf/yerith-erp-print_yerith_latex_util_pdf.hpp" />
		<Unit filename="src/utils/virtual-keyboard/yerith-erp-key-emitter.cpp" />
		<Unit filename="src/utils/virtual-keyboard/yerith-erp-key-emitter.hpp" />
		<Unit filename="src/utils/windows/yerith-erp-abstract-class-detail-view-window.cpp" />
		<Unit filename="src/utils/windows/yerith-erp-abstract-class-detail-view-window.hpp" />
		<Unit filename="src/utils/windows/yerith-erp-abstract-class-yerithsearch-window.cpp" />
		<Unit filename="src/utils/windows/yerith-erp-abstract-class-yerithsearch-window.hpp" />
		<Unit filename="src/utils/yerith-erp-CANCEL-Modification-TIMING-Object.cpp" />
		<Unit filename="src/utils/yerith-erp-CANCEL-Modification-TIMING-Object.hpp" />
		<Unit filename="src/utils/yerith-erp-LIST-map-COMPLEX-ITEM.cpp" />
		<Unit filename="src/utils/yerith-erp-LIST-map-COMPLEX-ITEM.hpp" />
		<Unit filename="src/utils/yerith-erp-article-vente-info.cpp" />
		<Unit filename="src/utils/yerith-erp-article-vente-info.hpp" />
		<Unit filename="src/utils/yerith-erp-client-account-sale-info.cpp" />
		<Unit filename="src/utils/yerith-erp-client-account-sale-info.hpp" />
		<Unit filename="src/utils/yerith-erp-command-line-parser.cpp" />
		<Unit filename="src/utils/yerith-erp-command-line-parser.hpp" />
		<Unit filename="src/utils/yerith-erp-config.cpp" />
		<Unit filename="src/utils/yerith-erp-config.hpp" />
		<Unit filename="src/utils/yerith-erp-database-table-column.cpp" />
		<Unit filename="src/utils/yerith-erp-database-table-column.hpp" />
		<Unit filename="src/utils/yerith-erp-database.cpp" />
		<Unit filename="src/utils/yerith-erp-database.hpp" />
		<Unit filename="src/utils/yerith-erp-historique-stock.cpp" />
		<Unit filename="src/utils/yerith-erp-historique-stock.hpp" />
		<Unit filename="src/utils/yerith-erp-info-entreprise.cpp" />
		<Unit filename="src/utils/yerith-erp-info-entreprise.hpp" />
		<Unit filename="src/utils/yerith-erp-logger.cpp" />
		<Unit filename="src/utils/yerith-erp-logger.hpp" />
		<Unit filename="src/utils/yerith-erp-map-COMPLEX-ITEM.cpp" />
		<Unit filename="src/utils/yerith-erp-map-COMPLEX-ITEM.hpp" />
		<Unit filename="src/utils/yerith-erp-payment-processing-information.cpp" />
		<Unit filename="src/utils/yerith-erp-payment-processing-information.hpp" />
		<Unit filename="src/utils/yerith-erp-service-stock-marchandise-data.hpp" />
		<Unit filename="src/utils/yerith-erp-spell-numbers.cpp" />
		<Unit filename="src/utils/yerith-erp-spell-numbers.hpp" />
		<Unit filename="src/utils/yerith-erp-sqltable-model.cpp" />
		<Unit filename="src/utils/yerith-erp-sqltable-model.hpp" />
		<Unit filename="src/utils/yerith-erp-style.cpp" />
		<Unit filename="src/utils/yerith-erp-style.hpp" />
		<Unit filename="src/utils/yerith-erp-utils.cpp" />
		<Unit filename="src/utils/yerith-erp-utils.hpp" />
		<Unit filename="src/utils/yri-db-runtime-verif-qmap.cpp" />
		<Unit filename="src/utils/yri-db-runtime-verif-qmap.hpp" />
		<Unit filename="src/web_systems/yerith-erp-xml-parser-QLIST___widget-element.cpp" />
		<Unit filename="src/web_systems/yerith-erp-xml-parser-QLIST___widget-element.hpp" />
		<Unit filename="src/web_systems/yerith-erp-xml-parser-widget-MAIN_WINDOW-element.cpp" />
		<Unit filename="src/web_systems/yerith-erp-xml-parser-widget-MAIN_WINDOW-element.hpp" />
		<Unit filename="src/web_systems/yerith-erp-xml-parser-widget-PUSH_BUTTON-element.cpp" />
		<Unit filename="src/web_systems/yerith-erp-xml-parser-widget-PUSH_BUTTON-element.hpp" />
		<Unit filename="src/web_systems/yerith-erp-xml-parser-widget-element.cpp" />
		<Unit filename="src/web_systems/yerith-erp-xml-parser-widget-element.hpp" />
		<Unit filename="src/web_systems/yerith-web-systems-Parser__handle_Widget_XML_TAG_Element.hpp" />
		<Unit filename="src/web_systems/yerith-web-systems-main-generator.cpp" />
		<Unit filename="src/web_systems/yerith-web-systems-main-generator.hpp" />
		<Unit filename="src/web_systems/yerith-web-systems-main-generator___KeyWords.cpp" />
		<Unit filename="src/web_systems/yerith-web-systems-main-generator___KeyWords.hpp" />
		<Unit filename="src/web_systems/yerith-web-systems-main-parser_XML_Tag_Element.cpp" />
		<Unit filename="src/web_systems/yerith-web-systems-main-parser_XML_Tag_Element.hpp" />
		<Unit filename="src/widgets/table-view/yerith-erp-CHARGES-FINANCIERES-table-view.cpp" />
		<Unit filename="src/widgets/table-view/yerith-erp-CHARGES-FINANCIERES-table-view.hpp" />
		<Unit filename="src/widgets/table-view/yerith-erp-GROUPES-DE-PAIE-HR-table-view.cpp" />
		<Unit filename="src/widgets/table-view/yerith-erp-GROUPES-DE-PAIE-HR-table-view.hpp" />
		<Unit filename="src/widgets/table-view/yerith-erp-achats-table-view.cpp" />
		<Unit filename="src/widgets/table-view/yerith-erp-achats-table-view.hpp" />
		<Unit filename="src/widgets/table-view/yerith-erp-alertes-table-view.cpp" />
		<Unit filename="src/widgets/table-view/yerith-erp-alertes-table-view.hpp" />
		<Unit filename="src/widgets/table-view/yerith-erp-clients-table-view.cpp" />
		<Unit filename="src/widgets/table-view/yerith-erp-clients-table-view.hpp" />
		<Unit filename="src/widgets/table-view/yerith-erp-comptes-doperations-comptabilite-table-view.cpp" />
		<Unit filename="src/widgets/table-view/yerith-erp-comptes-doperations-comptabilite-table-view.hpp" />
		<Unit filename="src/widgets/table-view/yerith-erp-fournisseurs-table-view.cpp" />
		<Unit filename="src/widgets/table-view/yerith-erp-fournisseurs-table-view.hpp" />
		<Unit filename="src/widgets/table-view/yerith-erp-groupes-de-clients-table-view.cpp" />
		<Unit filename="src/widgets/table-view/yerith-erp-groupes-de-clients-table-view.hpp" />
		<Unit filename="src/widgets/table-view/yerith-erp-marchandises-table-view.cpp" />
		<Unit filename="src/widgets/table-view/yerith-erp-marchandises-table-view.hpp" />
		<Unit filename="src/widgets/table-view/yerith-erp-mouvements_de_stocks-table-view.cpp" />
		<Unit filename="src/widgets/table-view/yerith-erp-mouvements_de_stocks-table-view.hpp" />
		<Unit filename="src/widgets/table-view/yerith-erp-paiements-table-view.cpp" />
		<Unit filename="src/widgets/table-view/yerith-erp-paiements-table-view.hpp" />
		<Unit filename="src/widgets/table-view/yerith-erp-programmes-de-fidelite-clients-table-view.cpp" />
		<Unit filename="src/widgets/table-view/yerith-erp-programmes-de-fidelite-clients-table-view.hpp" />
		<Unit filename="src/widgets/table-view/yerith-erp-stocks-table-view.cpp" />
		<Unit filename="src/widgets/table-view/yerith-erp-stocks-table-view.hpp" />
		<Unit filename="src/widgets/table-view/yerith-erp-table-view-with-pagination.cpp" />
		<Unit filename="src/widgets/table-view/yerith-erp-table-view-with-pagination.hpp" />
		<Unit filename="src/widgets/table-view/yerith-erp-table-view.cpp" />
		<Unit filename="src/widgets/table-view/yerith-erp-table-view.hpp" />
		<Unit filename="src/widgets/table-view/yerith-erp-table-view_WITH_TABWIDGET_AS_DIRECT_PARENT_movable_section.cpp" />
		<Unit filename="src/widgets/table-view/yerith-erp-table-view_WITH_TABWIDGET_AS_DIRECT_PARENT_movable_section.hpp" />
		<Unit filename="src/widgets/table-view/yerith-erp-ventes-table-view.cpp" />
		<Unit filename="src/widgets/table-view/yerith-erp-ventes-table-view.hpp" />
		<Unit filename="src/widgets/widgets-table/yerith-erp-COMPTABILITE-table-widget.cpp" />
		<Unit filename="src/widgets/widgets-table/yerith-erp-COMPTABILITE-table-widget.hpp" />
		<Unit filename="src/widgets/widgets-table/yerith-erp-admin-verif-logging-table-widget.cpp" />
		<Unit filename="src/widgets/widgets-table/yerith-erp-admin-verif-logging-table-widget.hpp" />
		<Unit filename="src/widgets/widgets-table/yerith-erp-creer-un-groupe-de-clients-table-widget.cpp" />
		<Unit filename="src/widgets/widgets-table/yerith-erp-creer-un-groupe-de-clients-table-widget.hpp" />
		<Unit filename="src/widgets/widgets-table/yerith-erp-groupes-dun-EMPLOYE-table-widget.cpp" />
		<Unit filename="src/widgets/widgets-table/yerith-erp-groupes-dun-EMPLOYE-table-widget.hpp" />
		<Unit filename="src/widgets/widgets-table/yerith-erp-groupes-dun-client-table-widget.cpp" />
		<Unit filename="src/widgets/widgets-table/yerith-erp-groupes-dun-client-table-widget.hpp" />
		<Unit filename="src/widgets/widgets-table/yerith-erp-point-de-vente-table-widget.cpp" />
		<Unit filename="src/widgets/widgets-table/yerith-erp-point-de-vente-table-widget.hpp" />
		<Unit filename="src/widgets/widgets-table/yerith-erp-qtable-widget-item.cpp" />
		<Unit filename="src/widgets/widgets-table/yerith-erp-qtable-widget-item.hpp" />
		<Unit filename="src/widgets/widgets-table/yerith-erp-tab-MAINTENANCE-widget.cpp" />
		<Unit filename="src/widgets/widgets-table/yerith-erp-tab-MAINTENANCE-widget.hpp" />
		<Unit filename="src/widgets/widgets-table/yerith-erp-tab-widget.cpp" />
		<Unit filename="src/widgets/widgets-table/yerith-erp-tab-widget.hpp" />
		<Unit filename="src/widgets/widgets-table/yerith-erp-table-widget.cpp" />
		<Unit filename="src/widgets/widgets-table/yerith-erp-table-widget.hpp" />
		<Unit filename="src/widgets/yerith-erp-combo-box.cpp" />
		<Unit filename="src/widgets/yerith-erp-combo-box.hpp" />
		<Unit filename="src/widgets/yerith-erp-datetime-edit.cpp" />
		<Unit filename="src/widgets/yerith-erp-datetime-edit.hpp" />
		<Unit filename="src/widgets/yerith-erp-line-edit.cpp" />
		<Unit filename="src/widgets/yerith-erp-line-edit.hpp" />
		<Unit filename="src/widgets/yerith-erp-progress-bar.cpp" />
		<Unit filename="src/widgets/yerith-erp-progress-bar.hpp" />
		<Unit filename="src/widgets/yerith-erp-push-button-PASSWORD.cpp" />
		<Unit filename="src/widgets/yerith-erp-push-button-PASSWORD.hpp" />
		<Unit filename="src/widgets/yerith-erp-push-button.cpp" />
		<Unit filename="src/widgets/yerith-erp-push-button.hpp" />
		<Unit filename="src/widgets/yerith-erp-qcheckbox.cpp" />
		<Unit filename="src/widgets/yerith-erp-qcheckbox.hpp" />
		<Unit filename="src/widgets/yerith-erp-qcolumn-view.cpp" />
		<Unit filename="src/widgets/yerith-erp-qcolumn-view.hpp" />
		<Unit filename="src/widgets/yerith-erp-qgroup-box.cpp" />
		<Unit filename="src/widgets/yerith-erp-qgroup-box.hpp" />
		<Unit filename="src/widgets/yerith-erp-qmessage-box.cpp" />
		<Unit filename="src/widgets/yerith-erp-qmessage-box.hpp" />
		<Unit filename="src/widgets/yerith-erp-qstandard-item-model.cpp" />
		<Unit filename="src/widgets/yerith-erp-qstandard-item-model.hpp" />
		<Unit filename="src/widgets/yerith-erp-qstandard-item.cpp" />
		<Unit filename="src/widgets/yerith-erp-qstandard-item.hpp" />
		<Unit filename="src/widgets/yerith-erp-radio-button.cpp" />
		<Unit filename="src/widgets/yerith-erp-radio-button.hpp" />
		<Unit filename="src/widgets/yerith-erp-select-db-qcheckbox.cpp" />
		<Unit filename="src/widgets/yerith-erp-select-db-qcheckbox.hpp" />
		<Unit filename="src/widgets/yerith-erp-spinbox.cpp" />
		<Unit filename="src/widgets/yerith-erp-spinbox.hpp" />
		<Unit filename="src/widgets/yerith-erp-text-edit.cpp" />
		<Unit filename="src/widgets/yerith-erp-text-edit.hpp" />
		<Unit filename="src/widgets/yerith-erp-yerith_widget.cpp" />
		<Unit filename="src/widgets/yerith-erp-yerith_widget.hpp" />
		<Unit filename="src/windows/crm/creer/yerith-erp-creer-compte-client-window.cpp" />
		<Unit filename="src/windows/crm/creer/yerith-erp-creer-compte-client-window.hpp" />
		<Unit filename="src/windows/crm/creer/yerith-erp-creer-groupe-de-clients-window.cpp" />
		<Unit filename="src/windows/crm/creer/yerith-erp-creer-groupe-de-clients-window.hpp" />
		<Unit filename="src/windows/crm/creer/yerith-erp-creer-un-programme-de-fidelite-clients-window.cpp" />
		<Unit filename="src/windows/crm/creer/yerith-erp-creer-un-programme-de-fidelite-clients-window.hpp" />
		<Unit filename="src/windows/crm/details/yerith-erp-clients-detail-window.cpp" />
		<Unit filename="src/windows/crm/details/yerith-erp-clients-detail-window.hpp" />
		<Unit filename="src/windows/crm/details/yerith-erp-details-dun-groupe-de-clients-window.cpp" />
		<Unit filename="src/windows/crm/details/yerith-erp-details-dun-groupe-de-clients-window.hpp" />
		<Unit filename="src/windows/crm/details/yerith-erp-details-dun-programme-de-fidelite-clients-window.cpp" />
		<Unit filename="src/windows/crm/details/yerith-erp-details-dun-programme-de-fidelite-clients-window.hpp" />
		<Unit filename="src/windows/crm/modifier/yerith-erp-modifier-compte-client-window.cpp" />
		<Unit filename="src/windows/crm/modifier/yerith-erp-modifier-compte-client-window.hpp" />
		<Unit filename="src/windows/crm/modifier/yerith-erp-modifier-groupe-de-clients-window.cpp" />
		<Unit filename="src/windows/crm/modifier/yerith-erp-modifier-groupe-de-clients-window.hpp" />
		<Unit filename="src/windows/crm/yerith-erp-clients-window.cpp" />
		<Unit filename="src/windows/crm/yerith-erp-clients-window.hpp" />
		<Unit filename="src/windows/crm/yerith-erp-groupes-de-clients-window.cpp" />
		<Unit filename="src/windows/crm/yerith-erp-groupes-de-clients-window.hpp" />
		<Unit filename="src/windows/crm/yerith-erp-groupes-dun-client-window.cpp" />
		<Unit filename="src/windows/crm/yerith-erp-groupes-dun-client-window.hpp" />
		<Unit filename="src/windows/crm/yerith-erp-payer-compte-client-window.cpp" />
		<Unit filename="src/windows/crm/yerith-erp-payer-compte-client-window.hpp" />
		<Unit filename="src/windows/crm/yerith-erp-programmes-de-fidelite-clients-window.cpp" />
		<Unit filename="src/windows/crm/yerith-erp-programmes-de-fidelite-clients-window.hpp" />
		<Unit filename="src/windows/crm/yerith-erp-tableau-des-transactions-du-client-window.cpp" />
		<Unit filename="src/windows/crm/yerith-erp-tableau-des-transactions-du-client-window.hpp" />
		<Unit filename="src/windows/include/YERITH_TABLEAUX_DE_BORDS_analyse_comparee_jour_semaine.cpp" />
		<Unit filename="src/windows/include/YERITH_TABLEAUX_DE_BORDS_analyse_comparee_mensuelle.cpp" />
		<Unit filename="src/windows/include/YERITH_TABLEAUX_DE_BORDS_meilleurs_stats.cpp" />
		<Unit filename="src/windows/include/YERITH_TABLEAUX_DE_BORDS_quantite_max_moindre.cpp" />
		<Unit filename="src/windows/include/YERITH_TABLEAUX_DE_BORDS_zero_stats.cpp" />
		<Unit filename="src/windows/include/YERITH_TABLEAUX_DE_BORDS_zero_stats_stocks.cpp" />
		<Unit filename="src/windows/pos/yerith-erp-pointdevente-liststocks-window.cpp" />
		<Unit filename="src/windows/pos/yerith-erp-pointdevente-liststocks-window.hpp" />
		<Unit filename="src/windows/pos/yerith-erp-pointdevente-window.cpp" />
		<Unit filename="src/windows/pos/yerith-erp-pointdevente-window.hpp" />
		<Unit filename="src/windows/purchase/yerith-erp-achats-detail-window.cpp" />
		<Unit filename="src/windows/purchase/yerith-erp-achats-detail-window.hpp" />
		<Unit filename="src/windows/purchase/yerith-erp-achats-window.cpp" />
		<Unit filename="src/windows/purchase/yerith-erp-achats-window.hpp" />
		<Unit filename="src/windows/stocks/yerith-erp-historique-du-stock-window.cpp" />
		<Unit filename="src/windows/stocks/yerith-erp-historique-du-stock-window.hpp" />
		<Unit filename="src/windows/stocks/yerith-erp-marchandises-window.cpp" />
		<Unit filename="src/windows/stocks/yerith-erp-marchandises-window.hpp" />
		<Unit filename="src/windows/stocks/yerith-erp-modifier-window.cpp" />
		<Unit filename="src/windows/stocks/yerith-erp-modifier-window.hpp" />
		<Unit filename="src/windows/stocks/yerith-erp-mouvements_de_stocks-window.cpp" />
		<Unit filename="src/windows/stocks/yerith-erp-mouvements_de_stocks-window.hpp" />
		<Unit filename="src/windows/stocks/yerith-erp-sortir-liststocks-window.cpp" />
		<Unit filename="src/windows/stocks/yerith-erp-sortir-liststocks-window.hpp" />
		<Unit filename="src/windows/stocks/yerith-erp-sortir-window.cpp" />
		<Unit filename="src/windows/stocks/yerith-erp-sortir-window.hpp" />
		<Unit filename="src/windows/stocks/yerith-erp-stock-detail-window.cpp" />
		<Unit filename="src/windows/stocks/yerith-erp-stock-detail-window.hpp" />
		<Unit filename="src/windows/stocks/yerith-erp-stocks-window.cpp" />
		<Unit filename="src/windows/stocks/yerith-erp-stocks-window.hpp" />
		<Unit filename="src/windows/supplier/yerith-erp-DETAILS-DUN-GROUPE-DE-PAIE-hr-window.cpp" />
		<Unit filename="src/windows/supplier/yerith-erp-DETAILS-DUN-GROUPE-DE-PAIE-hr-window.hpp" />
		<Unit filename="src/windows/supplier/yerith-erp-DETAILS-DUN-GROUPE-DEMPLOYES-hr-window.cpp" />
		<Unit filename="src/windows/supplier/yerith-erp-DETAILS-DUN-GROUPE-DEMPLOYES-hr-window.hpp" />
		<Unit filename="src/windows/supplier/yerith-erp-GROUPES-DE-PAIE-hr-window.cpp" />
		<Unit filename="src/windows/supplier/yerith-erp-GROUPES-DE-PAIE-hr-window.hpp" />
		<Unit filename="src/windows/supplier/yerith-erp-GROUPES-DEMPLOYES-hr-window.cpp" />
		<Unit filename="src/windows/supplier/yerith-erp-GROUPES-DEMPLOYES-hr-window.hpp" />
		<Unit filename="src/windows/supplier/yerith-erp-GROUPES-dun-employe-hr-window.cpp" />
		<Unit filename="src/windows/supplier/yerith-erp-GROUPES-dun-employe-hr-window.hpp" />
		<Unit filename="src/windows/supplier/yerith-erp-calcul-salaire-EMPLOYE-window.cpp" />
		<Unit filename="src/windows/supplier/yerith-erp-calcul-salaire-EMPLOYE-window.hpp" />
		<Unit filename="src/windows/supplier/yerith-erp-creer-GROUPE-DE-PAIE-hr-window.cpp" />
		<Unit filename="src/windows/supplier/yerith-erp-creer-GROUPE-DE-PAIE-hr-window.hpp" />
		<Unit filename="src/windows/supplier/yerith-erp-creer-fournisseur-window.cpp" />
		<Unit filename="src/windows/supplier/yerith-erp-creer-fournisseur-window.hpp" />
		<Unit filename="src/windows/supplier/yerith-erp-creer-groupe-DEMPLOYES-hr-window.cpp" />
		<Unit filename="src/windows/supplier/yerith-erp-creer-groupe-DEMPLOYES-hr-window.hpp" />
		<Unit filename="src/windows/supplier/yerith-erp-fournisseur-details-window.cpp" />
		<Unit filename="src/windows/supplier/yerith-erp-fournisseur-details-window.hpp" />
		<Unit filename="src/windows/supplier/yerith-erp-fournisseurs-window.cpp" />
		<Unit filename="src/windows/supplier/yerith-erp-fournisseurs-window.hpp" />
		<Unit filename="src/windows/supplier/yerith-erp-modifier-fournisseur-window.cpp" />
		<Unit filename="src/windows/supplier/yerith-erp-modifier-fournisseur-window.hpp" />
		<Unit filename="src/windows/supplier/yerith-erp-tableau-des-transactions-du-fournisseur-window.cpp" />
		<Unit filename="src/windows/supplier/yerith-erp-tableau-des-transactions-du-fournisseur-window.hpp" />
		<Unit filename="src/windows/yerith-erp-alertes-window.cpp" />
		<Unit filename="src/windows/yerith-erp-alertes-window.hpp" />
		<Unit filename="src/windows/yerith-erp-charges-financieres-detail-window.cpp" />
		<Unit filename="src/windows/yerith-erp-charges-financieres-detail-window.hpp" />
		<Unit filename="src/windows/yerith-erp-charges-financieres-window.cpp" />
		<Unit filename="src/windows/yerith-erp-charges-financieres-window.hpp" />
		<Unit filename="src/windows/yerith-erp-comptabilite-window.cpp" />
		<Unit filename="src/windows/yerith-erp-comptabilite-window.hpp" />
		<Unit filename="src/windows/yerith-erp-entrer-window.cpp" />
		<Unit filename="src/windows/yerith-erp-entrer-window.hpp" />
		<Unit filename="src/windows/yerith-erp-main-window.cpp" />
		<Unit filename="src/windows/yerith-erp-main-window.hpp" />
		<Unit filename="src/windows/yerith-erp-paiements-window.cpp" />
		<Unit filename="src/windows/yerith-erp-paiements-window.hpp" />
		<Unit filename="src/windows/yerith-erp-qtable-widget-window-commons.cpp" />
		<Unit filename="src/windows/yerith-erp-qtable-widget-window-commons.hpp" />
		<Unit filename="src/windows/yerith-erp-recherche-conditionnelle-window.cpp" />
		<Unit filename="src/windows/yerith-erp-recherche-conditionnelle-window.hpp" />
		<Unit filename="src/windows/yerith-erp-tableaux-de-bord-window.cpp" />
		<Unit filename="src/windows/yerith-erp-tableaux-de-bord-window.hpp" />
		<Unit filename="src/windows/yerith-erp-ventes-window.cpp" />
		<Unit filename="src/windows/yerith-erp-ventes-window.hpp" />
		<Unit filename="src/windows/yerith-erp-window-commons.cpp" />
		<Unit filename="src/windows/yerith-erp-window-commons.hpp" />
		<Unit filename="src/yerith-erp-9-0.cpp" />
		<Unit filename="src/yerith-erp-ui-loader.cpp" />
		<Unit filename="src/yerith-erp-ui-loader.hpp" />
		<Unit filename="src/yerith-erp-windows.cpp" />
		<Unit filename="src/yerith-erp-windows.hpp" />
		<Extensions />
	</Project>
</CodeBlocks_project_file>
